{
    "_meta": {
        "hash": {
            "sha256": "9a91e70d1876e3d91a2388b7548595c8cd601a3f72a9b2585bb8468c9d8a7fbe"
        },
        "pipfile-spec": 6,
        "requires": {
            "python_version": "3.6"
        },
        "sources": [
            {
                "name": "pypi",
                "url": "https://pypi.org/simple",
                "verify_ssl": true
            }
        ]
    },
    "default": {
        "decorator": {
            "hashes": [
                "sha256:2c51dff8ef3c447388fe5e4453d24a2bf128d3a4c32af3fabef1f01c6851ab82",
                "sha256:c39efa13fbdeb4506c476c9b3babf6a718da943dab7811c206005a4a956c080c"
            ],
            "version": "==4.3.0"
        },
        "fastavro": {
            "hashes": [
                "sha256:085ae538838d2d7aec0bf331956724ba42e27d4a664b4a019d8c2f629a10ca1e",
                "sha256:1c236ac44c779126cb46803b18d6c6b82850a8447355bbcbaaf0f6e322218c91",
                "sha256:1fe6e4a4021c07134e7e86eed48f8ea0b217116cea325de3665b8c95bcda4246",
                "sha256:3a2f293fa5b325f03a093b5514791d11beca3af3cc64dfeb3391a03f06a7563b",
                "sha256:6e48ae15fc5c2752bc84e08315c059541a53ec370a74a2b309cab3059c6af86c",
                "sha256:77d1a92916d32805e98e90e0bd8c1c182f472201bb6083c6f8063dad522789df",
                "sha256:84807a06830ae2af736afb122f243afb36e414855f0b0e3014973446e0433473",
                "sha256:876d1f20558336dd0f8988ea4b2a49fc8c39988b3e2e4d7ae92db0f2610c1bbf",
                "sha256:a38405de9acb9f45bd3647f1fb2049bd613815a1d387ca34c2c2cfabbccea5f9",
                "sha256:a3bd403a9085f9d59cdff6c5359d3b8aa30b50754fa695a7b6f20ec220646bb5",
                "sha256:b3dc4e7f49bf55e1da1b77f5d0fa3ea4c38ef0599db411624eb8d96a2799a239",
                "sha256:b71dd275e0bc959de91e27d90ffd999a4e8509066851dcb376d373b4f4cecc8a",
                "sha256:c366c36cdb89bf09e4bf7ea53ca16f21a06eaf49f75bf1d75f1f2d964e4cee4c",
                "sha256:cb98874363ddeaae860edf4270e52501704927956c04a7ed7a2978c99f1a6dd5",
                "sha256:e355b25846e75ffded0c60c7f04bd082e6bb0fd83b33a7745248ff7205e30130",
                "sha256:e52475a3f3446bb6fdf44291fe32b2a4491be22c53cc846e56c0764cab013932"
            ],
            "index": "pypi",
            "version": "==0.21.12"
        },
        "networkx": {
            "hashes": [
                "sha256:45e56f7ab6fe81652fb4bc9f44faddb0e9025f469f602df14e3b2551c2ea5c8b"
            ],
            "index": "pypi",
            "version": "==2.2"
        }
    },
    "develop": {}
}
