{
    "_meta": {
        "hash": {
            "sha256": "1b708fe5adb7dc5a1a078719c631c6458a0b01829f070e4d384b71e6c31d95ba"
        },
        "pipfile-spec": 6,
        "requires": {
            "python_version": "3.6"
        },
        "sources": [
            {
                "name": "pypi",
                "url": "https://pypi.org/simple",
                "verify_ssl": true
            }
        ]
    },
    "default": {
        "click": {
            "hashes": [
                "sha256:2335065e6395b9e67ca716de5f7526736bfa6ceead690adf616d925bdc622b13",
                "sha256:5b94b49521f6456670fdb30cd82a4eca9412788a93fa6dd6df72c94d5a8ff2d7"
            ],
            "index": "pypi",
            "version": "==7.0"
        },
        "decorator": {
            "hashes": [
                "sha256:2c51dff8ef3c447388fe5e4453d24a2bf128d3a4c32af3fabef1f01c6851ab82",
                "sha256:c39efa13fbdeb4506c476c9b3babf6a718da943dab7811c206005a4a956c080c"
            ],
            "version": "==4.3.0"
        },
        "fastavro": {
            "hashes": [
                "sha256:07d262e20543eb01fe6685315f35b8e8441e829bcc70e424f7b17fbd4d22553c",
                "sha256:10824c5ed63348a3b1b7693ce33e6b8d619e652d96471cd696925741b9381fd4",
                "sha256:2118758a63ee474929a063b6985dd5770f474c78b906ba7b71a6bc0ae03c8ae0",
                "sha256:3b40102e4ca513a85649713cb25a5eb29c40349880e333b18f2de7586eb70987",
                "sha256:3dd4fa7004afcc8391f7a97c2b955c8657f9b2bf748aff275ac34ff176a28bfb",
                "sha256:3dfcc848529e59f2e3f83fdfe060eb446e54a69a6b3c9513cbcfd9f936127e72",
                "sha256:567156ab98c6c1192dc602b2c2804d5c62ce9019fd3c05aadae31f664b916694",
                "sha256:6c385e90c6ee215eb747fed9fc70dfb909a5f796f55feaaada8a054adecf703f",
                "sha256:6c6d0ba880d3ea22c90a918b04956292beecf5ddaaee7b73f00efb6dba6933ed",
                "sha256:6e6b2820584b13c965804231f1204ecc66e6e704596d33809266d4aa36746f5e",
                "sha256:7db7e27f0d4e471435de1d55baf224721d474ed5df8ba70eff5dd706e6466701",
                "sha256:8b89c03476d3e06ee276c822b4ae98c6d3a97c95e0bffa8fe1e88cfb89909577",
                "sha256:a3c3caebaf5ee96dd400cdb6e948b7d42aaee41e18e45f791f85069d6fb07d2a",
                "sha256:dc4e2b03f3131ce3441e61166949d860180dcd9bc1793e2d15408bb4374f19cf",
                "sha256:f433dd00ce49edbd93030741f58d415d22cd1093835dde375cb037b15da58c02",
                "sha256:f467bc44b14a20b84ef9d124299ce08c3fdd7ae59f28a22ab2a5082dc58416a2"
            ],
            "index": "pypi",
            "version": "==0.21.14"
        },
        "leidenalg": {
            "hashes": [
                "sha256:c1c92c5638ef0ccf67ea89ed311cf19116a82e67bf1a015a3e65f00653a3dc95",
                "sha256:ff05e09319f7689c382a85586c0c144c9c14366b1252f4499397d71142594fc3"
            ],
            "index": "pypi",
            "version": "==0.7.0"
        },
        "networkx": {
            "hashes": [
                "sha256:45e56f7ab6fe81652fb4bc9f44faddb0e9025f469f602df14e3b2551c2ea5c8b"
            ],
            "index": "pypi",
            "version": "==2.2"
        },
        "python-igraph": {
            "hashes": [
                "sha256:a5ea42790a077eadb3d1e8f82edc47516fea4a2b26bbf52bfc148370fe0fe676"
            ],
            "index": "pypi",
            "version": "==0.7.1.post6"
        }
    },
    "develop": {}
}
